
Microsoft Visual Studio Solution File, Format Version 12.00
# Visual Studio Version 16
VisualStudioVersion = 16.0.31112.23
MinimumVisualStudioVersion = 10.0.40219.1
Project("{FAE04EC0-301F-11D3-BF4B-00C04F79EFBC}") = "Webservice", "Webservice\Webservice.csproj", "{5F86C8FA-F584-43FA-9186-2549B7E00873}"
EndProject
Global
	GlobalSection(SolutionConfigurationPlatforms) = preSolution
		Debug|Any CPU = Debug|Any CPU
		Release|Any CPU = Release|Any CPU
	EndGlobalSection
	GlobalSection(ProjectConfigurationPlatforms) = postSolution
		{5F86C8FA-F584-43FA-9186-2549B7E00873}.Debug|Any CPU.ActiveCfg = Debug|Any CPU
		{5F86C8FA-F584-43FA-9186-2549B7E00873}.Debug|Any CPU.Build.0 = Debug|Any CPU
		{5F86C8FA-F584-43FA-9186-2549B7E00873}.Release|Any CPU.ActiveCfg = Release|Any CPU
		{5F86C8FA-F584-43FA-9186-2549B7E00873}.Release|Any CPU.Build.0 = Release|Any CPU
	EndGlobalSection
	GlobalSection(SolutionProperties) = preSolution
		HideSolutionNode = FALSE
	EndGlobalSection
	GlobalSection(ExtensibilityGlobals) = postSolution
		SolutionGuid = {655C927E-821E-4FD5-A061-58CC3EC32198}
	EndGlobalSection
EndGlobal
